
Microsoft Visual Studio Solution File, Format Version 12.00
# Visual Studio 14
VisualStudioVersion = 14.0.25420.1
MinimumVisualStudioVersion = 10.0.40219.1
Project("{FAE04EC0-301F-11D3-BF4B-00C04F79EFBC}") = "Cape", "Cape\Cape.csproj", "{8C532B0D-1D8D-44A6-8481-D319EDCF0386}"
EndProject
Project("{FAE04EC0-301F-11D3-BF4B-00C04F79EFBC}") = "CapeTest", "CapeTest\CapeTest.csproj", "{A3DCE034-44A9-41E1-8874-99FA9F66E583}"
EndProject
Global
	GlobalSection(SolutionConfigurationPlatforms) = preSolution
		Debug|Any CPU = Debug|Any CPU
		Release|Any CPU = Release|Any CPU
	EndGlobalSection
	GlobalSection(ProjectConfigurationPlatforms) = postSolution
		{8C532B0D-1D8D-44A6-8481-D319EDCF0386}.Debug|Any CPU.ActiveCfg = Debug|Any CPU
		{8C532B0D-1D8D-44A6-8481-D319EDCF0386}.Debug|Any CPU.Build.0 = Debug|Any CPU
		{8C532B0D-1D8D-44A6-8481-D319EDCF0386}.Release|Any CPU.ActiveCfg = Release|Any CPU
		{8C532B0D-1D8D-44A6-8481-D319EDCF0386}.Release|Any CPU.Build.0 = Release|Any CPU
		{A3DCE034-44A9-41E1-8874-99FA9F66E583}.Debug|Any CPU.ActiveCfg = Debug|Any CPU
		{A3DCE034-44A9-41E1-8874-99FA9F66E583}.Debug|Any CPU.Build.0 = Debug|Any CPU
		{A3DCE034-44A9-41E1-8874-99FA9F66E583}.Release|Any CPU.ActiveCfg = Release|Any CPU
		{A3DCE034-44A9-41E1-8874-99FA9F66E583}.Release|Any CPU.Build.0 = Release|Any CPU
	EndGlobalSection
	GlobalSection(SolutionProperties) = preSolution
		HideSolutionNode = FALSE
	EndGlobalSection
EndGlobal
